// !$*UTF8*$!
{
	archiveVersion = 1;
	classes = {
	};
	objectVersion = 48;
	objects = {

/* Begin PBXBuildFile section */
		260E8DEF1F0CDEDB00A6D337 /* MapViewController.swift in Sources */ = {isa = PBXBuildFile; fileRef = 260E8DEE1F0CDEDB00A6D337 /* MapViewController.swift */; };
		262D086A1F3B0378005EB444 /* signDetails.plist in Resources */ = {isa = PBXBuildFile; fileRef = 262D08691F3B0378005EB444 /* signDetails.plist */; };
		265608AA1F0BAA1B000BBD92 /* CoreLocation.framework in Frameworks */ = {isa = PBXBuildFile; fileRef = 265608A91F0BAA1B000BBD92 /* CoreLocation.framework */; };
		265608CE1F0BAC58000BBD92 /* LocationManager.swift in Sources */ = {isa = PBXBuildFile; fileRef = 265608CD1F0BAC58000BBD92 /* LocationManager.swift */; };
		2657ACD21F1E01AF00C77A59 /* Inceptionv3.mlmodel in Sources */ = {isa = PBXBuildFile; fileRef = 2657ACD11F1E019100C77A59 /* Inceptionv3.mlmodel */; };
		269B40B71F1CAEBE002CF520 /* AVSession.swift in Sources */ = {isa = PBXBuildFile; fileRef = 269B40B61F1CAEBE002CF520 /* AVSession.swift */; };
		269B40B91F1CB84D002CF520 /* ARViewController.swift in Sources */ = {isa = PBXBuildFile; fileRef = 269B40B81F1CB84D002CF520 /* ARViewController.swift */; };
		269E3C351F0BAD610071043A /* AppManager.swift in Sources */ = {isa = PBXBuildFile; fileRef = 269E3C341F0BAD610071043A /* AppManager.swift */; };
		26B04FE71F0CE3EB002C668D /* SignLocation.swift in Sources */ = {isa = PBXBuildFile; fileRef = 26B04FE61F0CE3EB002C668D /* SignLocation.swift */; };
		26B04FE91F0CE442002C668D /* SignLocations.plist in Resources */ = {isa = PBXBuildFile; fileRef = 26B04FE81F0CE442002C668D /* SignLocations.plist */; };
		26B798B31F0A959000F1D283 /* AppDelegate.swift in Sources */ = {isa = PBXBuildFile; fileRef = 26B798B21F0A959000F1D283 /* AppDelegate.swift */; };
		26B798B51F0A959000F1D283 /* art.scnassets in Resources */ = {isa = PBXBuildFile; fileRef = 26B798B41F0A959000F1D283 /* art.scnassets */; };
		26B798B71F0A959000F1D283 /* ViewController.swift in Sources */ = {isa = PBXBuildFile; fileRef = 26B798B61F0A959000F1D283 /* ViewController.swift */; };
		26B798BA1F0A959000F1D283 /* Main.storyboard in Resources */ = {isa = PBXBuildFile; fileRef = 26B798B81F0A959000F1D283 /* Main.storyboard */; };
		26B798BC1F0A959000F1D283 /* Assets.xcassets in Resources */ = {isa = PBXBuildFile; fileRef = 26B798BB1F0A959000F1D283 /* Assets.xcassets */; };
		26B798BF1F0A959000F1D283 /* LaunchScreen.storyboard in Resources */ = {isa = PBXBuildFile; fileRef = 26B798BD1F0A959000F1D283 /* LaunchScreen.storyboard */; };
		26B798CA1F0A959000F1D283 /* ARTestTests.swift in Sources */ = {isa = PBXBuildFile; fileRef = 26B798C91F0A959000F1D283 /* ARTestTests.swift */; };
		26B798D51F0A959000F1D283 /* ARTestUITests.swift in Sources */ = {isa = PBXBuildFile; fileRef = 26B798D41F0A959000F1D283 /* ARTestUITests.swift */; };
		26CF6C921F0BB2B00019DDC0 /* locations.plist in Resources */ = {isa = PBXBuildFile; fileRef = 26CF6C911F0BB2B00019DDC0 /* locations.plist */; };
		26F105901F1DFD870073C711 /* CoreML.swift in Sources */ = {isa = PBXBuildFile; fileRef = 26F1058F1F1DFD870073C711 /* CoreML.swift */; };
		26F105951F1DFE780073C711 /* CoreML.framework in Frameworks */ = {isa = PBXBuildFile; fileRef = 26F105941F1DFE780073C711 /* CoreML.framework */; };
		2CD8114A69A272FDFFE965DF /* Pods_ARTestUITests.framework in Frameworks */ = {isa = PBXBuildFile; fileRef = 781DD7395F2DF8AAAD9BB105 /* Pods_ARTestUITests.framework */; };
		38A881B190F78E52E005B1B1 /* Pods_ARTestTests.framework in Frameworks */ = {isa = PBXBuildFile; fileRef = 972D12E0B3AE1668776A9C61 /* Pods_ARTestTests.framework */; };
		E71AAB91FAD14800B7AEE58D /* Pods_ARTest.framework in Frameworks */ = {isa = PBXBuildFile; fileRef = 04DB1F1C1796A1613D4F3CEB /* Pods_ARTest.framework */; };
/* End PBXBuildFile section */

/* Begin PBXContainerItemProxy section */
		26B798C61F0A959000F1D283 /* PBXContainerItemProxy */ = {
			isa = PBXContainerItemProxy;
			containerPortal = 26B798A71F0A959000F1D283 /* Project object */;
			proxyType = 1;
			remoteGlobalIDString = 26B798AE1F0A959000F1D283;
			remoteInfo = ARTest;
		};
		26B798D11F0A959000F1D283 /* PBXContainerItemProxy */ = {
			isa = PBXContainerItemProxy;
			containerPortal = 26B798A71F0A959000F1D283 /* Project object */;
			proxyType = 1;
			remoteGlobalIDString = 26B798AE1F0A959000F1D283;
			remoteInfo = ARTest;
		};
/* End PBXContainerItemProxy section */

/* Begin PBXFileReference section */
		04DB1F1C1796A1613D4F3CEB /* Pods_ARTest.framework */ = {isa = PBXFileReference; explicitFileType = wrapper.framework; includeInIndex = 0; path = Pods_ARTest.framework; sourceTree = BUILT_PRODUCTS_DIR; };
		260E8DEE1F0CDEDB00A6D337 /* MapViewController.swift */ = {isa = PBXFileReference; lastKnownFileType = sourcecode.swift; path = MapViewController.swift; sourceTree = "<group>"; };
		262D08691F3B0378005EB444 /* signDetails.plist */ = {isa = PBXFileReference; lastKnownFileType = text.plist.xml; path = signDetails.plist; sourceTree = "<group>"; };
		265608A91F0BAA1B000BBD92 /* CoreLocation.framework */ = {isa = PBXFileReference; lastKnownFileType = wrapper.framework; name = CoreLocation.framework; path = System/Library/Frameworks/CoreLocation.framework; sourceTree = SDKROOT; };
		265608CD1F0BAC58000BBD92 /* LocationManager.swift */ = {isa = PBXFileReference; fileEncoding = 4; lastKnownFileType = sourcecode.swift; path = LocationManager.swift; sourceTree = "<group>"; };
		2657ACD11F1E019100C77A59 /* Inceptionv3.mlmodel */ = {isa = PBXFileReference; lastKnownFileType = file.mlmodel; path = Inceptionv3.mlmodel; sourceTree = "<group>"; };
		269B40B61F1CAEBE002CF520 /* AVSession.swift */ = {isa = PBXFileReference; lastKnownFileType = sourcecode.swift; path = AVSession.swift; sourceTree = "<group>"; };
		269B40B81F1CB84D002CF520 /* ARViewController.swift */ = {isa = PBXFileReference; lastKnownFileType = sourcecode.swift; path = ARViewController.swift; sourceTree = "<group>"; };
		269E3C341F0BAD610071043A /* AppManager.swift */ = {isa = PBXFileReference; lastKnownFileType = sourcecode.swift; path = AppManager.swift; sourceTree = "<group>"; };
		26B04FE61F0CE3EB002C668D /* SignLocation.swift */ = {isa = PBXFileReference; lastKnownFileType = sourcecode.swift; path = SignLocation.swift; sourceTree = "<group>"; };
		26B04FE81F0CE442002C668D /* SignLocations.plist */ = {isa = PBXFileReference; lastKnownFileType = text.plist.xml; path = SignLocations.plist; sourceTree = "<group>"; };
		26B798AF1F0A959000F1D283 /* ARTest.app */ = {isa = PBXFileReference; explicitFileType = wrapper.application; includeInIndex = 0; path = ARTest.app; sourceTree = BUILT_PRODUCTS_DIR; };
		26B798B21F0A959000F1D283 /* AppDelegate.swift */ = {isa = PBXFileReference; lastKnownFileType = sourcecode.swift; path = AppDelegate.swift; sourceTree = "<group>"; };
		26B798B41F0A959000F1D283 /* art.scnassets */ = {isa = PBXFileReference; lastKnownFileType = wrapper.scnassets; path = art.scnassets; sourceTree = "<group>"; };
		26B798B61F0A959000F1D283 /* ViewController.swift */ = {isa = PBXFileReference; lastKnownFileType = sourcecode.swift; path = ViewController.swift; sourceTree = "<group>"; };
		26B798B91F0A959000F1D283 /* Base */ = {isa = PBXFileReference; lastKnownFileType = file.storyboard; name = Base; path = Base.lproj/Main.storyboard; sourceTree = "<group>"; };
		26B798BB1F0A959000F1D283 /* Assets.xcassets */ = {isa = PBXFileReference; lastKnownFileType = folder.assetcatalog; path = Assets.xcassets; sourceTree = "<group>"; };
		26B798BE1F0A959000F1D283 /* Base */ = {isa = PBXFileReference; lastKnownFileType = file.storyboard; name = Base; path = Base.lproj/LaunchScreen.storyboard; sourceTree = "<group>"; };
		26B798C01F0A959000F1D283 /* Info.plist */ = {isa = PBXFileReference; lastKnownFileType = text.plist.xml; path = Info.plist; sourceTree = "<group>"; };
		26B798C51F0A959000F1D283 /* ARTestTests.xctest */ = {isa = PBXFileReference; explicitFileType = wrapper.cfbundle; includeInIndex = 0; path = ARTestTests.xctest; sourceTree = BUILT_PRODUCTS_DIR; };
		26B798C91F0A959000F1D283 /* ARTestTests.swift */ = {isa = PBXFileReference; lastKnownFileType = sourcecode.swift; path = ARTestTests.swift; sourceTree = "<group>"; };
		26B798CB1F0A959000F1D283 /* Info.plist */ = {isa = PBXFileReference; lastKnownFileType = text.plist.xml; path = Info.plist; sourceTree = "<group>"; };
		26B798D01F0A959000F1D283 /* ARTestUITests.xctest */ = {isa = PBXFileReference; explicitFileType = wrapper.cfbundle; includeInIndex = 0; path = ARTestUITests.xctest; sourceTree = BUILT_PRODUCTS_DIR; };
		26B798D41F0A959000F1D283 /* ARTestUITests.swift */ = {isa = PBXFileReference; lastKnownFileType = sourcecode.swift; path = ARTestUITests.swift; sourceTree = "<group>"; };
		26B798D61F0A959000F1D283 /* Info.plist */ = {isa = PBXFileReference; lastKnownFileType = text.plist.xml; path = Info.plist; sourceTree = "<group>"; };
		26CF6C911F0BB2B00019DDC0 /* locations.plist */ = {isa = PBXFileReference; lastKnownFileType = text.plist.xml; path = locations.plist; sourceTree = "<group>"; };
		26F1058F1F1DFD870073C711 /* CoreML.swift */ = {isa = PBXFileReference; lastKnownFileType = sourcecode.swift; path = CoreML.swift; sourceTree = "<group>"; };
		26F105941F1DFE780073C711 /* CoreML.framework */ = {isa = PBXFileReference; lastKnownFileType = wrapper.framework; name = CoreML.framework; path = System/Library/Frameworks/CoreML.framework; sourceTree = SDKROOT; };
		26F105961F1DFE8D0073C711 /* ARTest */ = {isa = PBXFileReference; lastKnownFileType = folder; path = ARTest; sourceTree = "<group>"; };
		31DFFD20C5DE0AD8A3B1E24D /* Pods-ARTestUITests.release.xcconfig */ = {isa = PBXFileReference; includeInIndex = 1; lastKnownFileType = text.xcconfig; name = "Pods-ARTestUITests.release.xcconfig"; path = "Pods/Target Support Files/Pods-ARTestUITests/Pods-ARTestUITests.release.xcconfig"; sourceTree = "<group>"; };
		3E02469664090ABF537B465F /* Pods-ARTestTests.debug.xcconfig */ = {isa = PBXFileReference; includeInIndex = 1; lastKnownFileType = text.xcconfig; name = "Pods-ARTestTests.debug.xcconfig"; path = "Pods/Target Support Files/Pods-ARTestTests/Pods-ARTestTests.debug.xcconfig"; sourceTree = "<group>"; };
		675BBECBBEA0A2516EA726A6 /* Pods-ARTest.debug.xcconfig */ = {isa = PBXFileReference; includeInIndex = 1; lastKnownFileType = text.xcconfig; name = "Pods-ARTest.debug.xcconfig"; path = "Pods/Target Support Files/Pods-ARTest/Pods-ARTest.debug.xcconfig"; sourceTree = "<group>"; };
		781DD7395F2DF8AAAD9BB105 /* Pods_ARTestUITests.framework */ = {isa = PBXFileReference; explicitFileType = wrapper.framework; includeInIndex = 0; path = Pods_ARTestUITests.framework; sourceTree = BUILT_PRODUCTS_DIR; };
		89495F86E1A226F2A316A328 /* Pods-ARTestUITests.debug.xcconfig */ = {isa = PBXFileReference; includeInIndex = 1; lastKnownFileType = text.xcconfig; name = "Pods-ARTestUITests.debug.xcconfig"; path = "Pods/Target Support Files/Pods-ARTestUITests/Pods-ARTestUITests.debug.xcconfig"; sourceTree = "<group>"; };
		972D12E0B3AE1668776A9C61 /* Pods_ARTestTests.framework */ = {isa = PBXFileReference; explicitFileType = wrapper.framework; includeInIndex = 0; path = Pods_ARTestTests.framework; sourceTree = BUILT_PRODUCTS_DIR; };
		EDD3009D25098D6C61AA5FC9 /* Pods-ARTestTests.release.xcconfig */ = {isa = PBXFileReference; includeInIndex = 1; lastKnownFileType = text.xcconfig; name = "Pods-ARTestTests.release.xcconfig"; path = "Pods/Target Support Files/Pods-ARTestTests/Pods-ARTestTests.release.xcconfig"; sourceTree = "<group>"; };
		F2579DF098A3037579369A80 /* Pods-ARTest.release.xcconfig */ = {isa = PBXFileReference; includeInIndex = 1; lastKnownFileType = text.xcconfig; name = "Pods-ARTest.release.xcconfig"; path = "Pods/Target Support Files/Pods-ARTest/Pods-ARTest.release.xcconfig"; sourceTree = "<group>"; };
/* End PBXFileReference section */

/* Begin PBXFrameworksBuildPhase section */
		26B798AC1F0A959000F1D283 /* Frameworks */ = {
			isa = PBXFrameworksBuildPhase;
			buildActionMask = 2147483647;
			files = (
				26F105951F1DFE780073C711 /* CoreML.framework in Frameworks */,
				265608AA1F0BAA1B000BBD92 /* CoreLocation.framework in Frameworks */,
				E71AAB91FAD14800B7AEE58D /* Pods_ARTest.framework in Frameworks */,
			);
			runOnlyForDeploymentPostprocessing = 0;
		};
		26B798C21F0A959000F1D283 /* Frameworks */ = {
			isa = PBXFrameworksBuildPhase;
			buildActionMask = 2147483647;
			files = (
				38A881B190F78E52E005B1B1 /* Pods_ARTestTests.framework in Frameworks */,
			);
			runOnlyForDeploymentPostprocessing = 0;
		};
		26B798CD1F0A959000F1D283 /* Frameworks */ = {
			isa = PBXFrameworksBuildPhase;
			buildActionMask = 2147483647;
			files = (
				2CD8114A69A272FDFFE965DF /* Pods_ARTestUITests.framework in Frameworks */,
			);
			runOnlyForDeploymentPostprocessing = 0;
		};
/* End PBXFrameworksBuildPhase section */

/* Begin PBXGroup section */
		265608A81F0BAA1B000BBD92 /* Frameworks */ = {
			isa = PBXGroup;
			children = (
				26F105961F1DFE8D0073C711 /* ARTest */,
				26F105941F1DFE780073C711 /* CoreML.framework */,
				265608A91F0BAA1B000BBD92 /* CoreLocation.framework */,
				04DB1F1C1796A1613D4F3CEB /* Pods_ARTest.framework */,
				972D12E0B3AE1668776A9C61 /* Pods_ARTestTests.framework */,
				781DD7395F2DF8AAAD9BB105 /* Pods_ARTestUITests.framework */,
			);
			name = Frameworks;
			sourceTree = "<group>";
		};
		26B798A61F0A959000F1D283 = {
			isa = PBXGroup;
			children = (
				26B798B11F0A959000F1D283 /* ARTest */,
				26B798C81F0A959000F1D283 /* ARTestTests */,
				26B798D31F0A959000F1D283 /* ARTestUITests */,
				26B798B01F0A959000F1D283 /* Products */,
				265608A81F0BAA1B000BBD92 /* Frameworks */,
				F80EBEA45073EF811EA5889C /* Pods */,
			);
			sourceTree = "<group>";
		};
		26B798B01F0A959000F1D283 /* Products */ = {
			isa = PBXGroup;
			children = (
				26B798AF1F0A959000F1D283 /* ARTest.app */,
				26B798C51F0A959000F1D283 /* ARTestTests.xctest */,
				26B798D01F0A959000F1D283 /* ARTestUITests.xctest */,
			);
			name = Products;
			sourceTree = "<group>";
		};
		26B798B11F0A959000F1D283 /* ARTest */ = {
			isa = PBXGroup;
			children = (
				26B798B21F0A959000F1D283 /* AppDelegate.swift */,
				26B798B41F0A959000F1D283 /* art.scnassets */,
				26B798B61F0A959000F1D283 /* ViewController.swift */,
				26F1058F1F1DFD870073C711 /* CoreML.swift */,
				269E3C341F0BAD610071043A /* AppManager.swift */,
				269B40B61F1CAEBE002CF520 /* AVSession.swift */,
				265608CD1F0BAC58000BBD92 /* LocationManager.swift */,
				26B798B81F0A959000F1D283 /* Main.storyboard */,
				269B40B81F1CB84D002CF520 /* ARViewController.swift */,
				260E8DEE1F0CDEDB00A6D337 /* MapViewController.swift */,
				26B04FE61F0CE3EB002C668D /* SignLocation.swift */,
				2657ACD11F1E019100C77A59 /* Inceptionv3.mlmodel */,
				26B04FE81F0CE442002C668D /* SignLocations.plist */,
				262D08691F3B0378005EB444 /* signDetails.plist */,
				26CF6C911F0BB2B00019DDC0 /* locations.plist */,
				26B798BB1F0A959000F1D283 /* Assets.xcassets */,
				26B798BD1F0A959000F1D283 /* LaunchScreen.storyboard */,
				26B798C01F0A959000F1D283 /* Info.plist */,
			);
			path = ARTest;
			sourceTree = "<group>";
		};
		26B798C81F0A959000F1D283 /* ARTestTests */ = {
			isa = PBXGroup;
			children = (
				26B798C91F0A959000F1D283 /* ARTestTests.swift */,
				26B798CB1F0A959000F1D283 /* Info.plist */,
			);
			path = ARTestTests;
			sourceTree = "<group>";
		};
		26B798D31F0A959000F1D283 /* ARTestUITests */ = {
			isa = PBXGroup;
			children = (
				26B798D41F0A959000F1D283 /* ARTestUITests.swift */,
				26B798D61F0A959000F1D283 /* Info.plist */,
			);
			path = ARTestUITests;
			sourceTree = "<group>";
		};
		F80EBEA45073EF811EA5889C /* Pods */ = {
			isa = PBXGroup;
			children = (
				675BBECBBEA0A2516EA726A6 /* Pods-ARTest.debug.xcconfig */,
				F2579DF098A3037579369A80 /* Pods-ARTest.release.xcconfig */,
				3E02469664090ABF537B465F /* Pods-ARTestTests.debug.xcconfig */,
				EDD3009D25098D6C61AA5FC9 /* Pods-ARTestTests.release.xcconfig */,
				89495F86E1A226F2A316A328 /* Pods-ARTestUITests.debug.xcconfig */,
				31DFFD20C5DE0AD8A3B1E24D /* Pods-ARTestUITests.release.xcconfig */,
			);
			name = Pods;
			sourceTree = "<group>";
		};
/* End PBXGroup section */

/* Begin PBXNativeTarget section */
		26B798AE1F0A959000F1D283 /* ARTest */ = {
			isa = PBXNativeTarget;
			buildConfigurationList = 26B798D91F0A959000F1D283 /* Build configuration list for PBXNativeTarget "ARTest" */;
			buildPhases = (
				D09DEF40643266D7B1B3F0EC /* [CP] Check Pods Manifest.lock */,
				26B798AB1F0A959000F1D283 /* Sources */,
				26B798AC1F0A959000F1D283 /* Frameworks */,
				26B798AD1F0A959000F1D283 /* Resources */,
				52663746536AE19A10C72DC0 /* [CP] Embed Pods Frameworks */,
				C6C6C133B07CFE20AD6C7A13 /* [CP] Copy Pods Resources */,
			);
			buildRules = (
			);
			dependencies = (
			);
			name = ARTest;
			productName = ARTest;
			productReference = 26B798AF1F0A959000F1D283 /* ARTest.app */;
			productType = "com.apple.product-type.application";
		};
		26B798C41F0A959000F1D283 /* ARTestTests */ = {
			isa = PBXNativeTarget;
			buildConfigurationList = 26B798DC1F0A959000F1D283 /* Build configuration list for PBXNativeTarget "ARTestTests" */;
			buildPhases = (
				1EDF1DEC7C7A36A197BBCB6D /* [CP] Check Pods Manifest.lock */,
				26B798C11F0A959000F1D283 /* Sources */,
				26B798C21F0A959000F1D283 /* Frameworks */,
				26B798C31F0A959000F1D283 /* Resources */,
				155C619A59EDF742A39B28FF /* [CP] Embed Pods Frameworks */,
				FF840F8170F12B6D8A18F6F9 /* [CP] Copy Pods Resources */,
			);
			buildRules = (
			);
			dependencies = (
				26B798C71F0A959000F1D283 /* PBXTargetDependency */,
			);
			name = ARTestTests;
			productName = ARTestTests;
			productReference = 26B798C51F0A959000F1D283 /* ARTestTests.xctest */;
			productType = "com.apple.product-type.bundle.unit-test";
		};
		26B798CF1F0A959000F1D283 /* ARTestUITests */ = {
			isa = PBXNativeTarget;
			buildConfigurationList = 26B798DF1F0A959000F1D283 /* Build configuration list for PBXNativeTarget "ARTestUITests" */;
			buildPhases = (
				02A3BC101955F54C73D9B9FA /* [CP] Check Pods Manifest.lock */,
				26B798CC1F0A959000F1D283 /* Sources */,
				26B798CD1F0A959000F1D283 /* Frameworks */,
				26B798CE1F0A959000F1D283 /* Resources */,
				4E3EABEDC61CECDF1529BD1E /* [CP] Embed Pods Frameworks */,
				35657D1EBE36480FFD9441A2 /* [CP] Copy Pods Resources */,
			);
			buildRules = (
			);
			dependencies = (
				26B798D21F0A959000F1D283 /* PBXTargetDependency */,
			);
			name = ARTestUITests;
			productName = ARTestUITests;
			productReference = 26B798D01F0A959000F1D283 /* ARTestUITests.xctest */;
			productType = "com.apple.product-type.bundle.ui-testing";
		};
/* End PBXNativeTarget section */

/* Begin PBXProject section */
		26B798A71F0A959000F1D283 /* Project object */ = {
			isa = PBXProject;
			attributes = {
				LastSwiftUpdateCheck = 0900;
				LastUpgradeCheck = 0900;
				ORGANIZATIONNAME = "Wilhelm Michaelsen";
				TargetAttributes = {
					26B798AE1F0A959000F1D283 = {
						CreatedOnToolsVersion = 9.0;
					};
					26B798C41F0A959000F1D283 = {
						CreatedOnToolsVersion = 9.0;
						TestTargetID = 26B798AE1F0A959000F1D283;
					};
					26B798CF1F0A959000F1D283 = {
						CreatedOnToolsVersion = 9.0;
						TestTargetID = 26B798AE1F0A959000F1D283;
					};
				};
			};
			buildConfigurationList = 26B798AA1F0A959000F1D283 /* Build configuration list for PBXProject "ARTest" */;
			compatibilityVersion = "Xcode 8.0";
			developmentRegion = en;
			hasScannedForEncodings = 0;
			knownRegions = (
				en,
				Base,
			);
			mainGroup = 26B798A61F0A959000F1D283;
			productRefGroup = 26B798B01F0A959000F1D283 /* Products */;
			projectDirPath = "";
			projectRoot = "";
			targets = (
				26B798AE1F0A959000F1D283 /* ARTest */,
				26B798C41F0A959000F1D283 /* ARTestTests */,
				26B798CF1F0A959000F1D283 /* ARTestUITests */,
			);
		};
/* End PBXProject section */

/* Begin PBXResourcesBuildPhase section */
		26B798AD1F0A959000F1D283 /* Resources */ = {
			isa = PBXResourcesBuildPhase;
			buildActionMask = 2147483647;
			files = (
				26B798B51F0A959000F1D283 /* art.scnassets in Resources */,
				26B798BF1F0A959000F1D283 /* LaunchScreen.storyboard in Resources */,
				26B04FE91F0CE442002C668D /* SignLocations.plist in Resources */,
				26CF6C921F0BB2B00019DDC0 /* locations.plist in Resources */,
				262D086A1F3B0378005EB444 /* signDetails.plist in Resources */,
				26B798BC1F0A959000F1D283 /* Assets.xcassets in Resources */,
				26B798BA1F0A959000F1D283 /* Main.storyboard in Resources */,
			);
			runOnlyForDeploymentPostprocessing = 0;
		};
		26B798C31F0A959000F1D283 /* Resources */ = {
			isa = PBXResourcesBuildPhase;
			buildActionMask = 2147483647;
			files = (
			);
			runOnlyForDeploymentPostprocessing = 0;
		};
		26B798CE1F0A959000F1D283 /* Resources */ = {
			isa = PBXResourcesBuildPhase;
			buildActionMask = 2147483647;
			files = (
			);
			runOnlyForDeploymentPostprocessing = 0;
		};
/* End PBXResourcesBuildPhase section */

/* Begin PBXShellScriptBuildPhase section */
		02A3BC101955F54C73D9B9FA /* [CP] Check Pods Manifest.lock */ = {
			isa = PBXShellScriptBuildPhase;
			buildActionMask = 2147483647;
			files = (
			);
			inputPaths = (
			);
			name = "[CP] Check Pods Manifest.lock";
			outputPaths = (
			);
			runOnlyForDeploymentPostprocessing = 0;
			shellPath = /bin/sh;
			shellScript = "diff \"${PODS_PODFILE_DIR_PATH}/Podfile.lock\" \"${PODS_ROOT}/Manifest.lock\" > /dev/null\nif [ $? != 0 ] ; then\n    # print error to STDERR\n    echo \"error: The sandbox is not in sync with the Podfile.lock. Run 'pod install' or update your CocoaPods installation.\" >&2\n    exit 1\nfi\n";
			showEnvVarsInLog = 0;
		};
		155C619A59EDF742A39B28FF /* [CP] Embed Pods Frameworks */ = {
			isa = PBXShellScriptBuildPhase;
			buildActionMask = 2147483647;
			files = (
			);
			inputPaths = (
			);
			name = "[CP] Embed Pods Frameworks";
			outputPaths = (
			);
			runOnlyForDeploymentPostprocessing = 0;
			shellPath = /bin/sh;
			shellScript = "\"${SRCROOT}/Pods/Target Support Files/Pods-ARTestTests/Pods-ARTestTests-frameworks.sh\"\n";
			showEnvVarsInLog = 0;
		};
		1EDF1DEC7C7A36A197BBCB6D /* [CP] Check Pods Manifest.lock */ = {
			isa = PBXShellScriptBuildPhase;
			buildActionMask = 2147483647;
			files = (
			);
			inputPaths = (
			);
			name = "[CP] Check Pods Manifest.lock";
			outputPaths = (
			);
			runOnlyForDeploymentPostprocessing = 0;
			shellPath = /bin/sh;
			shellScript = "diff \"${PODS_PODFILE_DIR_PATH}/Podfile.lock\" \"${PODS_ROOT}/Manifest.lock\" > /dev/null\nif [ $? != 0 ] ; then\n    # print error to STDERR\n    echo \"error: The sandbox is not in sync with the Podfile.lock. Run 'pod install' or update your CocoaPods installation.\" >&2\n    exit 1\nfi\n";
			showEnvVarsInLog = 0;
		};
		35657D1EBE36480FFD9441A2 /* [CP] Copy Pods Resources */ = {
			isa = PBXShellScriptBuildPhase;
			buildActionMask = 2147483647;
			files = (
			);
			inputPaths = (
			);
			name = "[CP] Copy Pods Resources";
			outputPaths = (
			);
			runOnlyForDeploymentPostprocessing = 0;
			shellPath = /bin/sh;
			shellScript = "\"${SRCROOT}/Pods/Target Support Files/Pods-ARTestUITests/Pods-ARTestUITests-resources.sh\"\n";
			showEnvVarsInLog = 0;
		};
		4E3EABEDC61CECDF1529BD1E /* [CP] Embed Pods Frameworks */ = {
			isa = PBXShellScriptBuildPhase;
			buildActionMask = 2147483647;
			files = (
			);
			inputPaths = (
			);
			name = "[CP] Embed Pods Frameworks";
			outputPaths = (
			);
			runOnlyForDeploymentPostprocessing = 0;
			shellPath = /bin/sh;
			shellScript = "\"${SRCROOT}/Pods/Target Support Files/Pods-ARTestUITests/Pods-ARTestUITests-frameworks.sh\"\n";
			showEnvVarsInLog = 0;
		};
		52663746536AE19A10C72DC0 /* [CP] Embed Pods Frameworks */ = {
			isa = PBXShellScriptBuildPhase;
			buildActionMask = 2147483647;
			files = (
			);
			inputPaths = (
			);
			name = "[CP] Embed Pods Frameworks";
			outputPaths = (
			);
			runOnlyForDeploymentPostprocessing = 0;
			shellPath = /bin/sh;
			shellScript = "\"${SRCROOT}/Pods/Target Support Files/Pods-ARTest/Pods-ARTest-frameworks.sh\"\n";
			showEnvVarsInLog = 0;
		};
		C6C6C133B07CFE20AD6C7A13 /* [CP] Copy Pods Resources */ = {
			isa = PBXShellScriptBuildPhase;
			buildActionMask = 2147483647;
			files = (
			);
			inputPaths = (
			);
			name = "[CP] Copy Pods Resources";
			outputPaths = (
			);
			runOnlyForDeploymentPostprocessing = 0;
			shellPath = /bin/sh;
			shellScript = "\"${SRCROOT}/Pods/Target Support Files/Pods-ARTest/Pods-ARTest-resources.sh\"\n";
			showEnvVarsInLog = 0;
		};
		D09DEF40643266D7B1B3F0EC /* [CP] Check Pods Manifest.lock */ = {
			isa = PBXShellScriptBuildPhase;
			buildActionMask = 2147483647;
			files = (
			);
			inputPaths = (
			);
			name = "[CP] Check Pods Manifest.lock";
			outputPaths = (
			);
			runOnlyForDeploymentPostprocessing = 0;
			shellPath = /bin/sh;
			shellScript = "diff \"${PODS_PODFILE_DIR_PATH}/Podfile.lock\" \"${PODS_ROOT}/Manifest.lock\" > /dev/null\nif [ $? != 0 ] ; then\n    # print error to STDERR\n    echo \"error: The sandbox is not in sync with the Podfile.lock. Run 'pod install' or update your CocoaPods installation.\" >&2\n    exit 1\nfi\n";
			showEnvVarsInLog = 0;
		};
		FF840F8170F12B6D8A18F6F9 /* [CP] Copy Pods Resources */ = {
			isa = PBXShellScriptBuildPhase;
			buildActionMask = 2147483647;
			files = (
			);
			inputPaths = (
			);
			name = "[CP] Copy Pods Resources";
			outputPaths = (
			);
			runOnlyForDeploymentPostprocessing = 0;
			shellPath = /bin/sh;
			shellScript = "\"${SRCROOT}/Pods/Target Support Files/Pods-ARTestTests/Pods-ARTestTests-resources.sh\"\n";
			showEnvVarsInLog = 0;
		};
/* End PBXShellScriptBuildPhase section */

/* Begin PBXSourcesBuildPhase section */
		26B798AB1F0A959000F1D283 /* Sources */ = {
			isa = PBXSourcesBuildPhase;
			buildActionMask = 2147483647;
			files = (
				26B798B71F0A959000F1D283 /* ViewController.swift in Sources */,
				269B40B71F1CAEBE002CF520 /* AVSession.swift in Sources */,
				26B798B31F0A959000F1D283 /* AppDelegate.swift in Sources */,
				269B40B91F1CB84D002CF520 /* ARViewController.swift in Sources */,
				265608CE1F0BAC58000BBD92 /* LocationManager.swift in Sources */,
				2657ACD21F1E01AF00C77A59 /* Inceptionv3.mlmodel in Sources */,
				26F105901F1DFD870073C711 /* CoreML.swift in Sources */,
				260E8DEF1F0CDEDB00A6D337 /* MapViewController.swift in Sources */,
				269E3C351F0BAD610071043A /* AppManager.swift in Sources */,
				26B04FE71F0CE3EB002C668D /* SignLocation.swift in Sources */,
			);
			runOnlyForDeploymentPostprocessing = 0;
		};
		26B798C11F0A959000F1D283 /* Sources */ = {
			isa = PBXSourcesBuildPhase;
			buildActionMask = 2147483647;
			files = (
				26B798CA1F0A959000F1D283 /* ARTestTests.swift in Sources */,
			);
			runOnlyForDeploymentPostprocessing = 0;
		};
		26B798CC1F0A959000F1D283 /* Sources */ = {
			isa = PBXSourcesBuildPhase;
			buildActionMask = 2147483647;
			files = (
				26B798D51F0A959000F1D283 /* ARTestUITests.swift in Sources */,
			);
			runOnlyForDeploymentPostprocessing = 0;
		};
/* End PBXSourcesBuildPhase section */

/* Begin PBXTargetDependency section */
		26B798C71F0A959000F1D283 /* PBXTargetDependency */ = {
			isa = PBXTargetDependency;
			target = 26B798AE1F0A959000F1D283 /* ARTest */;
			targetProxy = 26B798C61F0A959000F1D283 /* PBXContainerItemProxy */;
		};
		26B798D21F0A959000F1D283 /* PBXTargetDependency */ = {
			isa = PBXTargetDependency;
			target = 26B798AE1F0A959000F1D283 /* ARTest */;
			targetProxy = 26B798D11F0A959000F1D283 /* PBXContainerItemProxy */;
		};
/* End PBXTargetDependency section */

/* Begin PBXVariantGroup section */
		26B798B81F0A959000F1D283 /* Main.storyboard */ = {
			isa = PBXVariantGroup;
			children = (
				26B798B91F0A959000F1D283 /* Base */,
			);
			name = Main.storyboard;
			sourceTree = "<group>";
		};
		26B798BD1F0A959000F1D283 /* LaunchScreen.storyboard */ = {
			isa = PBXVariantGroup;
			children = (
				26B798BE1F0A959000F1D283 /* Base */,
			);
			name = LaunchScreen.storyboard;
			sourceTree = "<group>";
		};
/* End PBXVariantGroup section */

/* Begin XCBuildConfiguration section */
		26B798D71F0A959000F1D283 /* Debug */ = {
			isa = XCBuildConfiguration;
			buildSettings = {
				ALWAYS_SEARCH_USER_PATHS = NO;
				CLANG_ANALYZER_NONNULL = YES;
				CLANG_ANALYZER_NUMBER_OBJECT_CONVERSION = YES_AGGRESSIVE;
				CLANG_CXX_LANGUAGE_STANDARD = "gnu++14";
				CLANG_CXX_LIBRARY = "libc++";
				CLANG_ENABLE_MODULES = YES;
				CLANG_ENABLE_OBJC_ARC = YES;
				CLANG_WARN_BLOCK_CAPTURE_AUTORELEASING = YES;
				CLANG_WARN_BOOL_CONVERSION = YES;
				CLANG_WARN_COMMA = YES;
				CLANG_WARN_CONSTANT_CONVERSION = YES;
				CLANG_WARN_DIRECT_OBJC_ISA_USAGE = YES_ERROR;
				CLANG_WARN_DOCUMENTATION_COMMENTS = YES;
				CLANG_WARN_EMPTY_BODY = YES;
				CLANG_WARN_ENUM_CONVERSION = YES;
				CLANG_WARN_INFINITE_RECURSION = YES;
				CLANG_WARN_INT_CONVERSION = YES;
				CLANG_WARN_OBJC_ROOT_CLASS = YES_ERROR;
				CLANG_WARN_RANGE_LOOP_ANALYSIS = YES;
				CLANG_WARN_STRICT_PROTOTYPES = YES;
				CLANG_WARN_SUSPICIOUS_MOVE = YES;
				CLANG_WARN_UNGUARDED_AVAILABILITY = YES_AGGRESSIVE;
				CLANG_WARN_UNREACHABLE_CODE = YES;
				CLANG_WARN__DUPLICATE_METHOD_MATCH = YES;
				CODE_SIGN_IDENTITY = "iPhone Developer";
				COPY_PHASE_STRIP = NO;
				DEBUG_INFORMATION_FORMAT = dwarf;
				ENABLE_STRICT_OBJC_MSGSEND = YES;
				ENABLE_TESTABILITY = YES;
				GCC_C_LANGUAGE_STANDARD = gnu11;
				GCC_DYNAMIC_NO_PIC = NO;
				GCC_NO_COMMON_BLOCKS = YES;
				GCC_OPTIMIZATION_LEVEL = 0;
				GCC_PREPROCESSOR_DEFINITIONS = (
					"DEBUG=1",
					"$(inherited)",
				);
				GCC_WARN_64_TO_32_BIT_CONVERSION = YES;
				GCC_WARN_ABOUT_RETURN_TYPE = YES_ERROR;
				GCC_WARN_UNDECLARED_SELECTOR = YES;
				GCC_WARN_UNINITIALIZED_AUTOS = YES_AGGRESSIVE;
				GCC_WARN_UNUSED_FUNCTION = YES;
				GCC_WARN_UNUSED_VARIABLE = YES;
				IPHONEOS_DEPLOYMENT_TARGET = 11.0;
				MTL_ENABLE_DEBUG_INFO = YES;
				ONLY_ACTIVE_ARCH = YES;
				SDKROOT = iphoneos;
				SWIFT_ACTIVE_COMPILATION_CONDITIONS = DEBUG;
				SWIFT_OPTIMIZATION_LEVEL = "-Onone";
			};
			name = Debug;
		};
		26B798D81F0A959000F1D283 /* Release */ = {
			isa = XCBuildConfiguration;
			buildSettings = {
				ALWAYS_SEARCH_USER_PATHS = NO;
				CLANG_ANALYZER_NONNULL = YES;
				CLANG_ANALYZER_NUMBER_OBJECT_CONVERSION = YES_AGGRESSIVE;
				CLANG_CXX_LANGUAGE_STANDARD = "gnu++14";
				CLANG_CXX_LIBRARY = "libc++";
				CLANG_ENABLE_MODULES = YES;
				CLANG_ENABLE_OBJC_ARC = YES;
				CLANG_WARN_BLOCK_CAPTURE_AUTORELEASING = YES;
				CLANG_WARN_BOOL_CONVERSION = YES;
				CLANG_WARN_COMMA = YES;
				CLANG_WARN_CONSTANT_CONVERSION = YES;
				CLANG_WARN_DIRECT_OBJC_ISA_USAGE = YES_ERROR;
				CLANG_WARN_DOCUMENTATION_COMMENTS = YES;
				CLANG_WARN_EMPTY_BODY = YES;
				CLANG_WARN_ENUM_CONVERSION = YES;
				CLANG_WARN_INFINITE_RECURSION = YES;
				CLANG_WARN_INT_CONVERSION = YES;
				CLANG_WARN_OBJC_ROOT_CLASS = YES_ERROR;
				CLANG_WARN_RANGE_LOOP_ANALYSIS = YES;
				CLANG_WARN_STRICT_PROTOTYPES = YES;
				CLANG_WARN_SUSPICIOUS_MOVE = YES;
				CLANG_WARN_UNGUARDED_AVAILABILITY = YES_AGGRESSIVE;
				CLANG_WARN_UNREACHABLE_CODE = YES;
				CLANG_WARN__DUPLICATE_METHOD_MATCH = YES;
				CODE_SIGN_IDENTITY = "iPhone Developer";
				COPY_PHASE_STRIP = NO;
				DEBUG_INFORMATION_FORMAT = "dwarf-with-dsym";
				ENABLE_NS_ASSERTIONS = NO;
				ENABLE_STRICT_OBJC_MSGSEND = YES;
				GCC_C_LANGUAGE_STANDARD = gnu11;
				GCC_NO_COMMON_BLOCKS = YES;
				GCC_WARN_64_TO_32_BIT_CONVERSION = YES;
				GCC_WARN_ABOUT_RETURN_TYPE = YES_ERROR;
				GCC_WARN_UNDECLARED_SELECTOR = YES;
				GCC_WARN_UNINITIALIZED_AUTOS = YES_AGGRESSIVE;
				GCC_WARN_UNUSED_FUNCTION = YES;
				GCC_WARN_UNUSED_VARIABLE = YES;
				IPHONEOS_DEPLOYMENT_TARGET = 11.0;
				MTL_ENABLE_DEBUG_INFO = NO;
				SDKROOT = iphoneos;
				SWIFT_OPTIMIZATION_LEVEL = "-Owholemodule";
				VALIDATE_PRODUCT = YES;
			};
			name = Release;
		};
		26B798DA1F0A959000F1D283 /* Debug */ = {
			isa = XCBuildConfiguration;
			baseConfigurationReference = 675BBECBBEA0A2516EA726A6 /* Pods-ARTest.debug.xcconfig */;
			buildSettings = {
				ASSETCATALOG_COMPILER_APPICON_NAME = AppIcon;
				DEVELOPMENT_TEAM = 2U9MWBBCW6;
				INFOPLIST_FILE = ARTest/Info.plist;
				LD_RUNPATH_SEARCH_PATHS = "$(inherited) @executable_path/Frameworks";
				PRODUCT_BUNDLE_IDENTIFIER = com.wilhelmmichaelsen.ARTest;
				PRODUCT_NAME = "$(TARGET_NAME)";
				SWIFT_VERSION = 4.0;
				TARGETED_DEVICE_FAMILY = "1,2";
			};
			name = Debug;
		};
		26B798DB1F0A959000F1D283 /* Release */ = {
			isa = XCBuildConfiguration;
			baseConfigurationReference = F2579DF098A3037579369A80 /* Pods-ARTest.release.xcconfig */;
			buildSettings = {
				ASSETCATALOG_COMPILER_APPICON_NAME = AppIcon;
				DEVELOPMENT_TEAM = 2U9MWBBCW6;
				INFOPLIST_FILE = ARTest/Info.plist;
				LD_RUNPATH_SEARCH_PATHS = "$(inherited) @executable_path/Frameworks";
				PRODUCT_BUNDLE_IDENTIFIER = com.wilhelmmichaelsen.ARTest;
				PRODUCT_NAME = "$(TARGET_NAME)";
				SWIFT_VERSION = 4.0;
				TARGETED_DEVICE_FAMILY = "1,2";
			};
			name = Release;
		};
		26B798DD1F0A959000F1D283 /* Debug */ = {
			isa = XCBuildConfiguration;
			baseConfigurationReference = 3E02469664090ABF537B465F /* Pods-ARTestTests.debug.xcconfig */;
			buildSettings = {
				ALWAYS_EMBED_SWIFT_STANDARD_LIBRARIES = YES;
				BUNDLE_LOADER = "$(TEST_HOST)";
				DEVELOPMENT_TEAM = 6NEYET2W24;
				INFOPLIST_FILE = ARTestTests/Info.plist;
				LD_RUNPATH_SEARCH_PATHS = "$(inherited) @executable_path/Frameworks @loader_path/Frameworks";
				PRODUCT_BUNDLE_IDENTIFIER = com.wilhelmmichaelsen.ARTestTests;
				PRODUCT_NAME = "$(TARGET_NAME)";
				SWIFT_VERSION = 4.0;
				TARGETED_DEVICE_FAMILY = "1,2";
				TEST_HOST = "$(BUILT_PRODUCTS_DIR)/ARTest.app/ARTest";
			};
			name = Debug;
		};
		26B798DE1F0A959000F1D283 /* Release */ = {
			isa = XCBuildConfiguration;
			baseConfigurationReference = EDD3009D25098D6C61AA5FC9 /* Pods-ARTestTests.release.xcconfig */;
			buildSettings = {
				ALWAYS_EMBED_SWIFT_STANDARD_LIBRARIES = YES;
				BUNDLE_LOADER = "$(TEST_HOST)";
				DEVELOPMENT_TEAM = 6NEYET2W24;
				INFOPLIST_FILE = ARTestTests/Info.plist;
				LD_RUNPATH_SEARCH_PATHS = "$(inherited) @executable_path/Frameworks @loader_path/Frameworks";
				PRODUCT_BUNDLE_IDENTIFIER = com.wilhelmmichaelsen.ARTestTests;
				PRODUCT_NAME = "$(TARGET_NAME)";
				SWIFT_VERSION = 4.0;
				TARGETED_DEVICE_FAMILY = "1,2";
				TEST_HOST = "$(BUILT_PRODUCTS_DIR)/ARTest.app/ARTest";
			};
			name = Release;
		};
		26B798E01F0A959000F1D283 /* Debug */ = {
			isa = XCBuildConfiguration;
			baseConfigurationReference = 89495F86E1A226F2A316A328 /* Pods-ARTestUITests.debug.xcconfig */;
			buildSettings = {
				ALWAYS_EMBED_SWIFT_STANDARD_LIBRARIES = YES;
				DEVELOPMENT_TEAM = 6NEYET2W24;
				INFOPLIST_FILE = ARTestUITests/Info.plist;
				LD_RUNPATH_SEARCH_PATHS = "$(inherited) @executable_path/Frameworks @loader_path/Frameworks";
				PRODUCT_BUNDLE_IDENTIFIER = com.wilhelmmichaelsen.ARTestUITests;
				PRODUCT_NAME = "$(TARGET_NAME)";
				SWIFT_VERSION = 4.0;
				TARGETED_DEVICE_FAMILY = "1,2";
				TEST_TARGET_NAME = ARTest;
			};
			name = Debug;
		};
		26B798E11F0A959000F1D283 /* Release */ = {
			isa = XCBuildConfiguration;
			baseConfigurationReference = 31DFFD20C5DE0AD8A3B1E24D /* Pods-ARTestUITests.release.xcconfig */;
			buildSettings = {
				ALWAYS_EMBED_SWIFT_STANDARD_LIBRARIES = YES;
				DEVELOPMENT_TEAM = 6NEYET2W24;
				INFOPLIST_FILE = ARTestUITests/Info.plist;
				LD_RUNPATH_SEARCH_PATHS = "$(inherited) @executable_path/Frameworks @loader_path/Frameworks";
				PRODUCT_BUNDLE_IDENTIFIER = com.wilhelmmichaelsen.ARTestUITests;
				PRODUCT_NAME = "$(TARGET_NAME)";
				SWIFT_VERSION = 4.0;
				TARGETED_DEVICE_FAMILY = "1,2";
				TEST_TARGET_NAME = ARTest;
			};
			name = Release;
		};
/* End XCBuildConfiguration section */

/* Begin XCConfigurationList section */
		26B798AA1F0A959000F1D283 /* Build configuration list for PBXProject "ARTest" */ = {
			isa = XCConfigurationList;
			buildConfigurations = (
				26B798D71F0A959000F1D283 /* Debug */,
				26B798D81F0A959000F1D283 /* Release */,
			);
			defaultConfigurationIsVisible = 0;
			defaultConfigurationName = Release;
		};
		26B798D91F0A959000F1D283 /* Build configuration list for PBXNativeTarget "ARTest" */ = {
			isa = XCConfigurationList;
			buildConfigurations = (
				26B798DA1F0A959000F1D283 /* Debug */,
				26B798DB1F0A959000F1D283 /* Release */,
			);
			defaultConfigurationIsVisible = 0;
			defaultConfigurationName = Release;
		};
		26B798DC1F0A959000F1D283 /* Build configuration list for PBXNativeTarget "ARTestTests" */ = {
			isa = XCConfigurationList;
			buildConfigurations = (
				26B798DD1F0A959000F1D283 /* Debug */,
				26B798DE1F0A959000F1D283 /* Release */,
			);
			defaultConfigurationIsVisible = 0;
			defaultConfigurationName = Release;
		};
		26B798DF1F0A959000F1D283 /* Build configuration list for PBXNativeTarget "ARTestUITests" */ = {
			isa = XCConfigurationList;
			buildConfigurations = (
				26B798E01F0A959000F1D283 /* Debug */,
				26B798E11F0A959000F1D283 /* Release */,
			);
			defaultConfigurationIsVisible = 0;
			defaultConfigurationName = Release;
		};
/* End XCConfigurationList section */
	};
	rootObject = 26B798A71F0A959000F1D283 /* Project object */;
}
